
Microsoft Visual Studio Solution File, Format Version 12.00
# Visual Studio Version 16
VisualStudioVersion = 16.0.30503.244
MinimumVisualStudioVersion = 10.0.40219.1
Project("{9A19103F-16F7-4668-BE54-9A1E7A4F7556}") = "SquadFinder3Tier", "SquadFinder3Tier\SquadFinder3Tier.csproj", "{AED04323-0139-4919-A904-81085D7D97F0}"
EndProject
Project("{9A19103F-16F7-4668-BE54-9A1E7A4F7556}") = "FunctionalityForSquadFinder", "FunctionalityForSquadFinder\FunctionalityForSquadFinder.csproj", "{EAA34296-C7D9-4C31-A42B-5C07A9978405}"
EndProject
Project("{9A19103F-16F7-4668-BE54-9A1E7A4F7556}") = "SquadFinder3TierFrontEnd", "SquadFinder3TierFrontEnd\SquadFinder3TierFrontEnd.csproj", "{55830FF1-0C3C-43A9-BE99-2D8A8C8FA834}"
EndProject
Project("{FAE04EC0-301F-11D3-BF4B-00C04F79EFBC}") = "SquadFinderTests", "SquadFinderTests\SquadFinderTests.csproj", "{5902144B-18E1-425B-856D-5BECB7F2F33D}"
EndProject
Global
	GlobalSection(SolutionConfigurationPlatforms) = preSolution
		Debug|Any CPU = Debug|Any CPU
		Release|Any CPU = Release|Any CPU
	EndGlobalSection
	GlobalSection(ProjectConfigurationPlatforms) = postSolution
		{AED04323-0139-4919-A904-81085D7D97F0}.Debug|Any CPU.ActiveCfg = Debug|Any CPU
		{AED04323-0139-4919-A904-81085D7D97F0}.Debug|Any CPU.Build.0 = Debug|Any CPU
		{AED04323-0139-4919-A904-81085D7D97F0}.Release|Any CPU.ActiveCfg = Release|Any CPU
		{AED04323-0139-4919-A904-81085D7D97F0}.Release|Any CPU.Build.0 = Release|Any CPU
		{EAA34296-C7D9-4C31-A42B-5C07A9978405}.Debug|Any CPU.ActiveCfg = Debug|Any CPU
		{EAA34296-C7D9-4C31-A42B-5C07A9978405}.Debug|Any CPU.Build.0 = Debug|Any CPU
		{EAA34296-C7D9-4C31-A42B-5C07A9978405}.Release|Any CPU.ActiveCfg = Release|Any CPU
		{EAA34296-C7D9-4C31-A42B-5C07A9978405}.Release|Any CPU.Build.0 = Release|Any CPU
		{55830FF1-0C3C-43A9-BE99-2D8A8C8FA834}.Debug|Any CPU.ActiveCfg = Debug|Any CPU
		{55830FF1-0C3C-43A9-BE99-2D8A8C8FA834}.Debug|Any CPU.Build.0 = Debug|Any CPU
		{55830FF1-0C3C-43A9-BE99-2D8A8C8FA834}.Release|Any CPU.ActiveCfg = Release|Any CPU
		{55830FF1-0C3C-43A9-BE99-2D8A8C8FA834}.Release|Any CPU.Build.0 = Release|Any CPU
		{5902144B-18E1-425B-856D-5BECB7F2F33D}.Debug|Any CPU.ActiveCfg = Debug|Any CPU
		{5902144B-18E1-425B-856D-5BECB7F2F33D}.Debug|Any CPU.Build.0 = Debug|Any CPU
		{5902144B-18E1-425B-856D-5BECB7F2F33D}.Release|Any CPU.ActiveCfg = Release|Any CPU
		{5902144B-18E1-425B-856D-5BECB7F2F33D}.Release|Any CPU.Build.0 = Release|Any CPU
	EndGlobalSection
	GlobalSection(SolutionProperties) = preSolution
		HideSolutionNode = FALSE
	EndGlobalSection
	GlobalSection(ExtensibilityGlobals) = postSolution
		SolutionGuid = {341402D5-1B5D-461D-B779-C5111D33E056}
	EndGlobalSection
EndGlobal
